
Microsoft Visual Studio Solution File, Format Version 12.00
# Visual Studio Version 17
VisualStudioVersion = 17.8.0.0
MinimumVisualStudioVersion = 17.8.0.0
Project("{9A19103F-16F7-4668-BE54-9A1E7A4F7556}") = "MarketAssistant.AppHost", "Aspire\MarketAssistant.AppHost\MarketAssistant.AppHost.csproj", "{DC6D98F1-47EE-4727-B3C1-03D0F5EA5F66}"
EndProject
Project("{9A19103F-16F7-4668-BE54-9A1E7A4F7556}") = "MarketAssistant.ServiceDefaults", "Aspire\MarketAssistant.ServiceDefaults\MarketAssistant.ServiceDefaults.csproj", "{014B4160-F3D7-4DB8-97C8-8064068A8BEE}"
EndProject
Project("{2150E333-8FDC-42A3-9474-1A3956D46DE8}") = "ClassLibraries", "ClassLibraries", "{E3D6E84E-B038-4339-854F-A3F2BE048EC0}"
EndProject
Project("{9A19103F-16F7-4668-BE54-9A1E7A4F7556}") = "BaseDomain", "ClassLibraries\BaseDomain\BaseDomain.csproj", "{6D8D2DE4-D279-4702-B50D-68B5E5E2C1E6}"
EndProject
Project("{9A19103F-16F7-4668-BE54-9A1E7A4F7556}") = "BaseApplication", "ClassLibraries\BaseApplication\BaseApplication.csproj", "{81CA67B3-314E-4345-A7F7-99FC59709AD0}"
EndProject
Project("{9A19103F-16F7-4668-BE54-9A1E7A4F7556}") = "BaseInfrastructure", "ClassLibraries\BaseInfrastructure\BaseInfrastructure.csproj", "{8B76A9BD-77D3-497F-8248-AF683126454B}"
EndProject
Project("{9A19103F-16F7-4668-BE54-9A1E7A4F7556}") = "MassTransitManager", "ClassLibraries\MassTransitManager\MassTransitManager.csproj", "{D28B5414-6253-41C3-BEF6-F2F18128565A}"
EndProject
Project("{9A19103F-16F7-4668-BE54-9A1E7A4F7556}") = "LoggerService", "ClassLibraries\LoggerService\LoggerService.csproj", "{613C72A2-0979-44B1-B8DE-E3FD6ECB0761}"
EndProject
Project("{9A19103F-16F7-4668-BE54-9A1E7A4F7556}") = "ExecutorManager", "ClassLibraries\ExecutorManager\ExecutorManager.csproj", "{42650595-8AE9-4AF4-ADDE-A23256984F2F}"
EndProject
Project("{9A19103F-16F7-4668-BE54-9A1E7A4F7556}") = "IdentityHelper", "ClassLibraries\IdentityHelper\IdentityHelper.csproj", "{CC397CAE-6A31-4183-ACD7-AF5F9AE2A05F}"
EndProject
Project("{9A19103F-16F7-4668-BE54-9A1E7A4F7556}") = "NethereumStorage", "ClassLibraries\NethereumStorage\NethereumStorage.csproj", "{43FEE0CC-2909-46E2-A19E-41AB431A25DD}"
EndProject
Project("{9A19103F-16F7-4668-BE54-9A1E7A4F7556}") = "CacheManager", "ClassLibraries\CacheManager\CacheManager.csproj", "{73C5A9E4-B031-4910-B61C-0C011C633A34}"
EndProject
Project("{2150E333-8FDC-42A3-9474-1A3956D46DE8}") = "Microservices", "Microservices", "{36DF701C-02BA-486B-BCC3-1F94E71A09DF}"
EndProject
Project("{2150E333-8FDC-42A3-9474-1A3956D46DE8}") = "BlockChainIdentity", "BlockChainIdentity", "{3BA571D6-D688-4245-895A-CF076E3009C6}"
EndProject
Project("{9A19103F-16F7-4668-BE54-9A1E7A4F7556}") = "BlockChainIdentity.Grpc", "Microservices\BlockChainIdentity\BlockChainIdentity.Grpc\BlockChainIdentity.Grpc.csproj", "{8EC4EBA4-602B-4CF7-B962-B291B3E6DFC9}"
EndProject
Project("{9A19103F-16F7-4668-BE54-9A1E7A4F7556}") = "BlockChainIdentity.Domain", "Microservices\BlockChainIdentity\BlockChainIdentity.Domain\BlockChainIdentity.Domain.csproj", "{0B652A41-204D-42B2-AB9E-AE6B7DFA5F34}"
EndProject
Project("{9A19103F-16F7-4668-BE54-9A1E7A4F7556}") = "BlockChainIdentity.Application", "Microservices\BlockChainIdentity\BlockChainIdentity.Application\BlockChainIdentity.Application.csproj", "{BF11BF3E-A7E4-4A76-8E94-4D1042094035}"
EndProject
Project("{9A19103F-16F7-4668-BE54-9A1E7A4F7556}") = "BlockChainIdentity.Infrastructure", "Microservices\BlockChainIdentity\BlockChainIdentity.Infrastructure\BlockChainIdentity.Infrastructure.csproj", "{60F1750B-31CB-459A-AA6B-C76ACB3CD210}"
EndProject
Project("{9A19103F-16F7-4668-BE54-9A1E7A4F7556}") = "EntityFrameworkCore.EncryptColumn", "ClassLibraries\EntityFramework.Core.EncryptDBColumn\EntityFrameworkCore.EncryptColumn.csproj", "{4386FBEC-CA5B-406B-99C2-EE01C51AB0A7}"
EndProject
Project("{2150E333-8FDC-42A3-9474-1A3956D46DE8}") = "Informing", "Informing", "{13D76127-275C-4087-AD68-A06DD19D8240}"
EndProject
Project("{9A19103F-16F7-4668-BE54-9A1E7A4F7556}") = "Informing.Application", "Microservices\Informing\Informing.Application\Informing.Application.csproj", "{875A4571-8004-421C-A290-1E74BB6941A0}"
EndProject
Project("{9A19103F-16F7-4668-BE54-9A1E7A4F7556}") = "Informing.Domain", "Microservices\Informing\Informing.Domain\Informing.Domain.csproj", "{BC215616-A9FF-4D40-8D0C-3185C77D5BEC}"
EndProject
Project("{9A19103F-16F7-4668-BE54-9A1E7A4F7556}") = "Informing.Grpc", "Microservices\Informing\Informing.Grpc\Informing.Grpc.csproj", "{EEC4B9CD-F65F-4810-B55C-10A4915E7C01}"
EndProject
Project("{9A19103F-16F7-4668-BE54-9A1E7A4F7556}") = "Informing.Infrastructure", "Microservices\Informing\Informing.Infrastructure\Informing.Infrastructure.csproj", "{B53CB433-5C1C-475F-9E72-6B95ED36C5AA}"
EndProject
Project("{2150E333-8FDC-42A3-9474-1A3956D46DE8}") = "Aspire", "Aspire", "{00DA55E1-7AC9-4707-AF35-6EFC4D683EEB}"
EndProject
Project("{2150E333-8FDC-42A3-9474-1A3956D46DE8}") = "Gateways", "Gateways", "{4143790E-45A8-4D22-ABC1-D111E8F9E2B8}"
EndProject
Project("{FAE04EC0-301F-11D3-BF4B-00C04F79EFBC}") = "ReverseProxy.Gateway", "Gateways\ReverseProxy.Gateway\ReverseProxy.Gateway.csproj", "{40BF26AD-3D95-4DF1-8F8D-E8240BA9EFBD}"
EndProject
Project("{FAE04EC0-301F-11D3-BF4B-00C04F79EFBC}") = "BlockChainBalanceHelper", "ClassLibraries\BlockChainBalanceHelper\BlockChainBalanceHelper.csproj", "{31DB8DD6-22B2-41C9-A248-08D58CFD0FAB}"
EndProject
Project("{FAE04EC0-301F-11D3-BF4B-00C04F79EFBC}") = "BlockChainWeb3ProviderHelper", "ClassLibraries\BlockChainWeb3ProviderHelper\BlockChainWeb3ProviderHelper.csproj", "{AD96932E-E8D0-4F1E-9078-66E7F9BFA177}"
EndProject
Project("{FAE04EC0-301F-11D3-BF4B-00C04F79EFBC}") = "DistributedProcessManager", "ClassLibraries\DistributedProcessManager\DistributedProcessManager.csproj", "{04096010-D996-46E1-BF4C-40479F11DDEE}"
EndProject
Project("{FAE04EC0-301F-11D3-BF4B-00C04F79EFBC}") = "BlockChainGasHelper", "ClassLibraries\BlockChainGasHelper\BlockChainGasHelper.csproj", "{E96684DC-95EB-4AB0-8764-9E5BFCC2A61B}"
EndProject
Project("{FAE04EC0-301F-11D3-BF4B-00C04F79EFBC}") = "BlockChainTransferHelper", "ClassLibraries\BlockChainTransferHelper\BlockChainTransferHelper.csproj", "{6D95BFF2-FC78-4931-82FE-EC37E0D4F455}"
EndProject
Project("{FAE04EC0-301F-11D3-BF4B-00C04F79EFBC}") = "BlockChainHDWalletHelper", "ClassLibraries\BlockChainHDWalletHelper\BlockChainHDWalletHelper.csproj", "{38B5D99E-40FC-4742-8AB9-0513B76BDC43}"
EndProject
Project("{2150E333-8FDC-42A3-9474-1A3956D46DE8}") = "WalletTracker", "WalletTracker", "{2C0E950F-6214-4D78-9300-54112F7CA55D}"
EndProject
Project("{FAE04EC0-301F-11D3-BF4B-00C04F79EFBC}") = "WalletTracker.Domain", "Microservices\WalletTracker\WalletTracker.Domain\WalletTracker.Domain.csproj", "{F5073FE0-1710-427F-9AFD-E16D72ECE39B}"
EndProject
Project("{FAE04EC0-301F-11D3-BF4B-00C04F79EFBC}") = "WalletTracker.Application", "Microservices\WalletTracker\WalletTracker.Application\WalletTracker.Application.csproj", "{8266007C-6CAA-4504-950B-EDB785A7477D}"
EndProject
Project("{FAE04EC0-301F-11D3-BF4B-00C04F79EFBC}") = "WalletTracker.Infrastructure", "Microservices\WalletTracker\WalletTracker.Infrastructure\WalletTracker.Infrastructure.csproj", "{9182D62E-E7B7-4D17-B59E-3CD8C2F992F2}"
EndProject
Project("{FAE04EC0-301F-11D3-BF4B-00C04F79EFBC}") = "WalletTracker.Api", "Microservices\WalletTracker\WalletTracker.Api\WalletTracker.Api.csproj", "{B9A3D9E6-BEC0-4A5F-AB40-266077F83D21}"
EndProject
Project("{FAE04EC0-301F-11D3-BF4B-00C04F79EFBC}") = "BlockProcessor.Domain", "Microservices\BlockProcessor\BlockProcessor.Domain\BlockProcessor.Domain.csproj", "{2FD168F6-1555-44FE-87D7-7B7F6ECDF4C0}"
EndProject
Project("{FAE04EC0-301F-11D3-BF4B-00C04F79EFBC}") = "BlockProcessor.Application", "Microservices\BlockProcessor\BlockProcessor.Application\BlockProcessor.Application.csproj", "{4BB25124-01AF-4493-AB80-479497A80950}"
EndProject
Project("{FAE04EC0-301F-11D3-BF4B-00C04F79EFBC}") = "BlockProcessor.Infrastructure", "Microservices\BlockProcessor\BlockProcessor.Infrastructure\BlockProcessor.Infrastructure.csproj", "{870B64A9-62A5-4814-AECE-0F43FA4D4283}"
EndProject
Project("{FAE04EC0-301F-11D3-BF4B-00C04F79EFBC}") = "BlockProcessor.Api", "Microservices\BlockProcessor\BlockProcessor.Api\BlockProcessor.Api.csproj", "{FCE253D0-4881-452B-9EDC-5BA25BC0A087}"
EndProject
Project("{FAE04EC0-301F-11D3-BF4B-00C04F79EFBC}") = "BlockChainQueryHelper", "ClassLibraries\BlockChainQueryHelper\BlockChainQueryHelper.csproj", "{F5FB00D8-2B32-4C0F-921E-0B4FEB06FCD8}"
EndProject
Project("{FAE04EC0-301F-11D3-BF4B-00C04F79EFBC}") = "BlockProcessor.MigrationWorker", "Microservices\BlockProcessor\BlockProcessor.MigrationWorker\BlockProcessor.MigrationWorker.csproj", "{5DDAF846-0F56-434D-ADB1-23590F00DAF8}"
EndProject
Project("{2150E333-8FDC-42A3-9474-1A3956D46DE8}") = "BlockProcessor", "BlockProcessor", "{B0BDF487-E226-5F14-9BFA-5CD6DBC5B03A}"
EndProject
Global
	GlobalSection(SolutionConfigurationPlatforms) = preSolution
		Debug|Any CPU = Debug|Any CPU
		Debug|x64 = Debug|x64
		Debug|x86 = Debug|x86
		Release|Any CPU = Release|Any CPU
		Release|x64 = Release|x64
		Release|x86 = Release|x86
	EndGlobalSection
	GlobalSection(ProjectConfigurationPlatforms) = postSolution
		{DC6D98F1-47EE-4727-B3C1-03D0F5EA5F66}.Debug|Any CPU.ActiveCfg = Debug|Any CPU
		{DC6D98F1-47EE-4727-B3C1-03D0F5EA5F66}.Debug|Any CPU.Build.0 = Debug|Any CPU
		{DC6D98F1-47EE-4727-B3C1-03D0F5EA5F66}.Debug|x64.ActiveCfg = Debug|Any CPU
		{DC6D98F1-47EE-4727-B3C1-03D0F5EA5F66}.Debug|x64.Build.0 = Debug|Any CPU
		{DC6D98F1-47EE-4727-B3C1-03D0F5EA5F66}.Debug|x86.ActiveCfg = Debug|Any CPU
		{DC6D98F1-47EE-4727-B3C1-03D0F5EA5F66}.Debug|x86.Build.0 = Debug|Any CPU
		{DC6D98F1-47EE-4727-B3C1-03D0F5EA5F66}.Release|Any CPU.ActiveCfg = Release|Any CPU
		{DC6D98F1-47EE-4727-B3C1-03D0F5EA5F66}.Release|Any CPU.Build.0 = Release|Any CPU
		{DC6D98F1-47EE-4727-B3C1-03D0F5EA5F66}.Release|x64.ActiveCfg = Release|Any CPU
		{DC6D98F1-47EE-4727-B3C1-03D0F5EA5F66}.Release|x64.Build.0 = Release|Any CPU
		{DC6D98F1-47EE-4727-B3C1-03D0F5EA5F66}.Release|x86.ActiveCfg = Release|Any CPU
		{DC6D98F1-47EE-4727-B3C1-03D0F5EA5F66}.Release|x86.Build.0 = Release|Any CPU
		{014B4160-F3D7-4DB8-97C8-8064068A8BEE}.Debug|Any CPU.ActiveCfg = Debug|Any CPU
		{014B4160-F3D7-4DB8-97C8-8064068A8BEE}.Debug|Any CPU.Build.0 = Debug|Any CPU
		{014B4160-F3D7-4DB8-97C8-8064068A8BEE}.Debug|x64.ActiveCfg = Debug|Any CPU
		{014B4160-F3D7-4DB8-97C8-8064068A8BEE}.Debug|x64.Build.0 = Debug|Any CPU
		{014B4160-F3D7-4DB8-97C8-8064068A8BEE}.Debug|x86.ActiveCfg = Debug|Any CPU
		{014B4160-F3D7-4DB8-97C8-8064068A8BEE}.Debug|x86.Build.0 = Debug|Any CPU
		{014B4160-F3D7-4DB8-97C8-8064068A8BEE}.Release|Any CPU.ActiveCfg = Release|Any CPU
		{014B4160-F3D7-4DB8-97C8-8064068A8BEE}.Release|Any CPU.Build.0 = Release|Any CPU
		{014B4160-F3D7-4DB8-97C8-8064068A8BEE}.Release|x64.ActiveCfg = Release|Any CPU
		{014B4160-F3D7-4DB8-97C8-8064068A8BEE}.Release|x64.Build.0 = Release|Any CPU
		{014B4160-F3D7-4DB8-97C8-8064068A8BEE}.Release|x86.ActiveCfg = Release|Any CPU
		{014B4160-F3D7-4DB8-97C8-8064068A8BEE}.Release|x86.Build.0 = Release|Any CPU
		{6D8D2DE4-D279-4702-B50D-68B5E5E2C1E6}.Debug|Any CPU.ActiveCfg = Debug|Any CPU
		{6D8D2DE4-D279-4702-B50D-68B5E5E2C1E6}.Debug|Any CPU.Build.0 = Debug|Any CPU
		{6D8D2DE4-D279-4702-B50D-68B5E5E2C1E6}.Debug|x64.ActiveCfg = Debug|Any CPU
		{6D8D2DE4-D279-4702-B50D-68B5E5E2C1E6}.Debug|x64.Build.0 = Debug|Any CPU
		{6D8D2DE4-D279-4702-B50D-68B5E5E2C1E6}.Debug|x86.ActiveCfg = Debug|Any CPU
		{6D8D2DE4-D279-4702-B50D-68B5E5E2C1E6}.Debug|x86.Build.0 = Debug|Any CPU
		{6D8D2DE4-D279-4702-B50D-68B5E5E2C1E6}.Release|Any CPU.ActiveCfg = Release|Any CPU
		{6D8D2DE4-D279-4702-B50D-68B5E5E2C1E6}.Release|Any CPU.Build.0 = Release|Any CPU
		{6D8D2DE4-D279-4702-B50D-68B5E5E2C1E6}.Release|x64.ActiveCfg = Release|Any CPU
		{6D8D2DE4-D279-4702-B50D-68B5E5E2C1E6}.Release|x64.Build.0 = Release|Any CPU
		{6D8D2DE4-D279-4702-B50D-68B5E5E2C1E6}.Release|x86.ActiveCfg = Release|Any CPU
		{6D8D2DE4-D279-4702-B50D-68B5E5E2C1E6}.Release|x86.Build.0 = Release|Any CPU
		{81CA67B3-314E-4345-A7F7-99FC59709AD0}.Debug|Any CPU.ActiveCfg = Debug|Any CPU
		{81CA67B3-314E-4345-A7F7-99FC59709AD0}.Debug|Any CPU.Build.0 = Debug|Any CPU
		{81CA67B3-314E-4345-A7F7-99FC59709AD0}.Debug|x64.ActiveCfg = Debug|Any CPU
		{81CA67B3-314E-4345-A7F7-99FC59709AD0}.Debug|x64.Build.0 = Debug|Any CPU
		{81CA67B3-314E-4345-A7F7-99FC59709AD0}.Debug|x86.ActiveCfg = Debug|Any CPU
		{81CA67B3-314E-4345-A7F7-99FC59709AD0}.Debug|x86.Build.0 = Debug|Any CPU
		{81CA67B3-314E-4345-A7F7-99FC59709AD0}.Release|Any CPU.ActiveCfg = Release|Any CPU
		{81CA67B3-314E-4345-A7F7-99FC59709AD0}.Release|Any CPU.Build.0 = Release|Any CPU
		{81CA67B3-314E-4345-A7F7-99FC59709AD0}.Release|x64.ActiveCfg = Release|Any CPU
		{81CA67B3-314E-4345-A7F7-99FC59709AD0}.Release|x64.Build.0 = Release|Any CPU
		{81CA67B3-314E-4345-A7F7-99FC59709AD0}.Release|x86.ActiveCfg = Release|Any CPU
		{81CA67B3-314E-4345-A7F7-99FC59709AD0}.Release|x86.Build.0 = Release|Any CPU
		{8B76A9BD-77D3-497F-8248-AF683126454B}.Debug|Any CPU.ActiveCfg = Debug|Any CPU
		{8B76A9BD-77D3-497F-8248-AF683126454B}.Debug|Any CPU.Build.0 = Debug|Any CPU
		{8B76A9BD-77D3-497F-8248-AF683126454B}.Debug|x64.ActiveCfg = Debug|Any CPU
		{8B76A9BD-77D3-497F-8248-AF683126454B}.Debug|x64.Build.0 = Debug|Any CPU
		{8B76A9BD-77D3-497F-8248-AF683126454B}.Debug|x86.ActiveCfg = Debug|Any CPU
		{8B76A9BD-77D3-497F-8248-AF683126454B}.Debug|x86.Build.0 = Debug|Any CPU
		{8B76A9BD-77D3-497F-8248-AF683126454B}.Release|Any CPU.ActiveCfg = Release|Any CPU
		{8B76A9BD-77D3-497F-8248-AF683126454B}.Release|Any CPU.Build.0 = Release|Any CPU
		{8B76A9BD-77D3-497F-8248-AF683126454B}.Release|x64.ActiveCfg = Release|Any CPU
		{8B76A9BD-77D3-497F-8248-AF683126454B}.Release|x64.Build.0 = Release|Any CPU
		{8B76A9BD-77D3-497F-8248-AF683126454B}.Release|x86.ActiveCfg = Release|Any CPU
		{8B76A9BD-77D3-497F-8248-AF683126454B}.Release|x86.Build.0 = Release|Any CPU
		{D28B5414-6253-41C3-BEF6-F2F18128565A}.Debug|Any CPU.ActiveCfg = Debug|Any CPU
		{D28B5414-6253-41C3-BEF6-F2F18128565A}.Debug|Any CPU.Build.0 = Debug|Any CPU
		{D28B5414-6253-41C3-BEF6-F2F18128565A}.Debug|x64.ActiveCfg = Debug|Any CPU
		{D28B5414-6253-41C3-BEF6-F2F18128565A}.Debug|x64.Build.0 = Debug|Any CPU
		{D28B5414-6253-41C3-BEF6-F2F18128565A}.Debug|x86.ActiveCfg = Debug|Any CPU
		{D28B5414-6253-41C3-BEF6-F2F18128565A}.Debug|x86.Build.0 = Debug|Any CPU
		{D28B5414-6253-41C3-BEF6-F2F18128565A}.Release|Any CPU.ActiveCfg = Release|Any CPU
		{D28B5414-6253-41C3-BEF6-F2F18128565A}.Release|Any CPU.Build.0 = Release|Any CPU
		{D28B5414-6253-41C3-BEF6-F2F18128565A}.Release|x64.ActiveCfg = Release|Any CPU
		{D28B5414-6253-41C3-BEF6-F2F18128565A}.Release|x64.Build.0 = Release|Any CPU
		{D28B5414-6253-41C3-BEF6-F2F18128565A}.Release|x86.ActiveCfg = Release|Any CPU
		{D28B5414-6253-41C3-BEF6-F2F18128565A}.Release|x86.Build.0 = Release|Any CPU
		{613C72A2-0979-44B1-B8DE-E3FD6ECB0761}.Debug|Any CPU.ActiveCfg = Debug|Any CPU
		{613C72A2-0979-44B1-B8DE-E3FD6ECB0761}.Debug|Any CPU.Build.0 = Debug|Any CPU
		{613C72A2-0979-44B1-B8DE-E3FD6ECB0761}.Debug|x64.ActiveCfg = Debug|Any CPU
		{613C72A2-0979-44B1-B8DE-E3FD6ECB0761}.Debug|x64.Build.0 = Debug|Any CPU
		{613C72A2-0979-44B1-B8DE-E3FD6ECB0761}.Debug|x86.ActiveCfg = Debug|Any CPU
		{613C72A2-0979-44B1-B8DE-E3FD6ECB0761}.Debug|x86.Build.0 = Debug|Any CPU
		{613C72A2-0979-44B1-B8DE-E3FD6ECB0761}.Release|Any CPU.ActiveCfg = Release|Any CPU
		{613C72A2-0979-44B1-B8DE-E3FD6ECB0761}.Release|Any CPU.Build.0 = Release|Any CPU
		{613C72A2-0979-44B1-B8DE-E3FD6ECB0761}.Release|x64.ActiveCfg = Release|Any CPU
		{613C72A2-0979-44B1-B8DE-E3FD6ECB0761}.Release|x64.Build.0 = Release|Any CPU
		{613C72A2-0979-44B1-B8DE-E3FD6ECB0761}.Release|x86.ActiveCfg = Release|Any CPU
		{613C72A2-0979-44B1-B8DE-E3FD6ECB0761}.Release|x86.Build.0 = Release|Any CPU
		{42650595-8AE9-4AF4-ADDE-A23256984F2F}.Debug|Any CPU.ActiveCfg = Debug|Any CPU
		{42650595-8AE9-4AF4-ADDE-A23256984F2F}.Debug|Any CPU.Build.0 = Debug|Any CPU
		{42650595-8AE9-4AF4-ADDE-A23256984F2F}.Debug|x64.ActiveCfg = Debug|Any CPU
		{42650595-8AE9-4AF4-ADDE-A23256984F2F}.Debug|x64.Build.0 = Debug|Any CPU
		{42650595-8AE9-4AF4-ADDE-A23256984F2F}.Debug|x86.ActiveCfg = Debug|Any CPU
		{42650595-8AE9-4AF4-ADDE-A23256984F2F}.Debug|x86.Build.0 = Debug|Any CPU
		{42650595-8AE9-4AF4-ADDE-A23256984F2F}.Release|Any CPU.ActiveCfg = Release|Any CPU
		{42650595-8AE9-4AF4-ADDE-A23256984F2F}.Release|Any CPU.Build.0 = Release|Any CPU
		{42650595-8AE9-4AF4-ADDE-A23256984F2F}.Release|x64.ActiveCfg = Release|Any CPU
		{42650595-8AE9-4AF4-ADDE-A23256984F2F}.Release|x64.Build.0 = Release|Any CPU
		{42650595-8AE9-4AF4-ADDE-A23256984F2F}.Release|x86.ActiveCfg = Release|Any CPU
		{42650595-8AE9-4AF4-ADDE-A23256984F2F}.Release|x86.Build.0 = Release|Any CPU
		{CC397CAE-6A31-4183-ACD7-AF5F9AE2A05F}.Debug|Any CPU.ActiveCfg = Debug|Any CPU
		{CC397CAE-6A31-4183-ACD7-AF5F9AE2A05F}.Debug|Any CPU.Build.0 = Debug|Any CPU
		{CC397CAE-6A31-4183-ACD7-AF5F9AE2A05F}.Debug|x64.ActiveCfg = Debug|Any CPU
		{CC397CAE-6A31-4183-ACD7-AF5F9AE2A05F}.Debug|x64.Build.0 = Debug|Any CPU
		{CC397CAE-6A31-4183-ACD7-AF5F9AE2A05F}.Debug|x86.ActiveCfg = Debug|Any CPU
		{CC397CAE-6A31-4183-ACD7-AF5F9AE2A05F}.Debug|x86.Build.0 = Debug|Any CPU
		{CC397CAE-6A31-4183-ACD7-AF5F9AE2A05F}.Release|Any CPU.ActiveCfg = Release|Any CPU
		{CC397CAE-6A31-4183-ACD7-AF5F9AE2A05F}.Release|Any CPU.Build.0 = Release|Any CPU
		{CC397CAE-6A31-4183-ACD7-AF5F9AE2A05F}.Release|x64.ActiveCfg = Release|Any CPU
		{CC397CAE-6A31-4183-ACD7-AF5F9AE2A05F}.Release|x64.Build.0 = Release|Any CPU
		{CC397CAE-6A31-4183-ACD7-AF5F9AE2A05F}.Release|x86.ActiveCfg = Release|Any CPU
		{CC397CAE-6A31-4183-ACD7-AF5F9AE2A05F}.Release|x86.Build.0 = Release|Any CPU
		{43FEE0CC-2909-46E2-A19E-41AB431A25DD}.Debug|Any CPU.ActiveCfg = Debug|Any CPU
		{43FEE0CC-2909-46E2-A19E-41AB431A25DD}.Debug|Any CPU.Build.0 = Debug|Any CPU
		{43FEE0CC-2909-46E2-A19E-41AB431A25DD}.Debug|x64.ActiveCfg = Debug|Any CPU
		{43FEE0CC-2909-46E2-A19E-41AB431A25DD}.Debug|x64.Build.0 = Debug|Any CPU
		{43FEE0CC-2909-46E2-A19E-41AB431A25DD}.Debug|x86.ActiveCfg = Debug|Any CPU
		{43FEE0CC-2909-46E2-A19E-41AB431A25DD}.Debug|x86.Build.0 = Debug|Any CPU
		{43FEE0CC-2909-46E2-A19E-41AB431A25DD}.Release|Any CPU.ActiveCfg = Release|Any CPU
		{43FEE0CC-2909-46E2-A19E-41AB431A25DD}.Release|Any CPU.Build.0 = Release|Any CPU
		{43FEE0CC-2909-46E2-A19E-41AB431A25DD}.Release|x64.ActiveCfg = Release|Any CPU
		{43FEE0CC-2909-46E2-A19E-41AB431A25DD}.Release|x64.Build.0 = Release|Any CPU
		{43FEE0CC-2909-46E2-A19E-41AB431A25DD}.Release|x86.ActiveCfg = Release|Any CPU
		{43FEE0CC-2909-46E2-A19E-41AB431A25DD}.Release|x86.Build.0 = Release|Any CPU
		{73C5A9E4-B031-4910-B61C-0C011C633A34}.Debug|Any CPU.ActiveCfg = Debug|Any CPU
		{73C5A9E4-B031-4910-B61C-0C011C633A34}.Debug|Any CPU.Build.0 = Debug|Any CPU
		{73C5A9E4-B031-4910-B61C-0C011C633A34}.Debug|x64.ActiveCfg = Debug|Any CPU
		{73C5A9E4-B031-4910-B61C-0C011C633A34}.Debug|x64.Build.0 = Debug|Any CPU
		{73C5A9E4-B031-4910-B61C-0C011C633A34}.Debug|x86.ActiveCfg = Debug|Any CPU
		{73C5A9E4-B031-4910-B61C-0C011C633A34}.Debug|x86.Build.0 = Debug|Any CPU
		{73C5A9E4-B031-4910-B61C-0C011C633A34}.Release|Any CPU.ActiveCfg = Release|Any CPU
		{73C5A9E4-B031-4910-B61C-0C011C633A34}.Release|Any CPU.Build.0 = Release|Any CPU
		{73C5A9E4-B031-4910-B61C-0C011C633A34}.Release|x64.ActiveCfg = Release|Any CPU
		{73C5A9E4-B031-4910-B61C-0C011C633A34}.Release|x64.Build.0 = Release|Any CPU
		{73C5A9E4-B031-4910-B61C-0C011C633A34}.Release|x86.ActiveCfg = Release|Any CPU
		{73C5A9E4-B031-4910-B61C-0C011C633A34}.Release|x86.Build.0 = Release|Any CPU
		{8EC4EBA4-602B-4CF7-B962-B291B3E6DFC9}.Debug|Any CPU.ActiveCfg = Debug|Any CPU
		{8EC4EBA4-602B-4CF7-B962-B291B3E6DFC9}.Debug|Any CPU.Build.0 = Debug|Any CPU
		{8EC4EBA4-602B-4CF7-B962-B291B3E6DFC9}.Debug|x64.ActiveCfg = Debug|Any CPU
		{8EC4EBA4-602B-4CF7-B962-B291B3E6DFC9}.Debug|x64.Build.0 = Debug|Any CPU
		{8EC4EBA4-602B-4CF7-B962-B291B3E6DFC9}.Debug|x86.ActiveCfg = Debug|Any CPU
		{8EC4EBA4-602B-4CF7-B962-B291B3E6DFC9}.Debug|x86.Build.0 = Debug|Any CPU
		{8EC4EBA4-602B-4CF7-B962-B291B3E6DFC9}.Release|Any CPU.ActiveCfg = Release|Any CPU
		{8EC4EBA4-602B-4CF7-B962-B291B3E6DFC9}.Release|Any CPU.Build.0 = Release|Any CPU
		{8EC4EBA4-602B-4CF7-B962-B291B3E6DFC9}.Release|x64.ActiveCfg = Release|Any CPU
		{8EC4EBA4-602B-4CF7-B962-B291B3E6DFC9}.Release|x64.Build.0 = Release|Any CPU
		{8EC4EBA4-602B-4CF7-B962-B291B3E6DFC9}.Release|x86.ActiveCfg = Release|Any CPU
		{8EC4EBA4-602B-4CF7-B962-B291B3E6DFC9}.Release|x86.Build.0 = Release|Any CPU
		{0B652A41-204D-42B2-AB9E-AE6B7DFA5F34}.Debug|Any CPU.ActiveCfg = Debug|Any CPU
		{0B652A41-204D-42B2-AB9E-AE6B7DFA5F34}.Debug|Any CPU.Build.0 = Debug|Any CPU
		{0B652A41-204D-42B2-AB9E-AE6B7DFA5F34}.Debug|x64.ActiveCfg = Debug|Any CPU
		{0B652A41-204D-42B2-AB9E-AE6B7DFA5F34}.Debug|x64.Build.0 = Debug|Any CPU
		{0B652A41-204D-42B2-AB9E-AE6B7DFA5F34}.Debug|x86.ActiveCfg = Debug|Any CPU
		{0B652A41-204D-42B2-AB9E-AE6B7DFA5F34}.Debug|x86.Build.0 = Debug|Any CPU
		{0B652A41-204D-42B2-AB9E-AE6B7DFA5F34}.Release|Any CPU.ActiveCfg = Release|Any CPU
		{0B652A41-204D-42B2-AB9E-AE6B7DFA5F34}.Release|Any CPU.Build.0 = Release|Any CPU
		{0B652A41-204D-42B2-AB9E-AE6B7DFA5F34}.Release|x64.ActiveCfg = Release|Any CPU
		{0B652A41-204D-42B2-AB9E-AE6B7DFA5F34}.Release|x64.Build.0 = Release|Any CPU
		{0B652A41-204D-42B2-AB9E-AE6B7DFA5F34}.Release|x86.ActiveCfg = Release|Any CPU
		{0B652A41-204D-42B2-AB9E-AE6B7DFA5F34}.Release|x86.Build.0 = Release|Any CPU
		{BF11BF3E-A7E4-4A76-8E94-4D1042094035}.Debug|Any CPU.ActiveCfg = Debug|Any CPU
		{BF11BF3E-A7E4-4A76-8E94-4D1042094035}.Debug|Any CPU.Build.0 = Debug|Any CPU
		{BF11BF3E-A7E4-4A76-8E94-4D1042094035}.Debug|x64.ActiveCfg = Debug|Any CPU
		{BF11BF3E-A7E4-4A76-8E94-4D1042094035}.Debug|x64.Build.0 = Debug|Any CPU
		{BF11BF3E-A7E4-4A76-8E94-4D1042094035}.Debug|x86.ActiveCfg = Debug|Any CPU
		{BF11BF3E-A7E4-4A76-8E94-4D1042094035}.Debug|x86.Build.0 = Debug|Any CPU
		{BF11BF3E-A7E4-4A76-8E94-4D1042094035}.Release|Any CPU.ActiveCfg = Release|Any CPU
		{BF11BF3E-A7E4-4A76-8E94-4D1042094035}.Release|Any CPU.Build.0 = Release|Any CPU
		{BF11BF3E-A7E4-4A76-8E94-4D1042094035}.Release|x64.ActiveCfg = Release|Any CPU
		{BF11BF3E-A7E4-4A76-8E94-4D1042094035}.Release|x64.Build.0 = Release|Any CPU
		{BF11BF3E-A7E4-4A76-8E94-4D1042094035}.Release|x86.ActiveCfg = Release|Any CPU
		{BF11BF3E-A7E4-4A76-8E94-4D1042094035}.Release|x86.Build.0 = Release|Any CPU
		{60F1750B-31CB-459A-AA6B-C76ACB3CD210}.Debug|Any CPU.ActiveCfg = Debug|Any CPU
		{60F1750B-31CB-459A-AA6B-C76ACB3CD210}.Debug|Any CPU.Build.0 = Debug|Any CPU
		{60F1750B-31CB-459A-AA6B-C76ACB3CD210}.Debug|x64.ActiveCfg = Debug|Any CPU
		{60F1750B-31CB-459A-AA6B-C76ACB3CD210}.Debug|x64.Build.0 = Debug|Any CPU
		{60F1750B-31CB-459A-AA6B-C76ACB3CD210}.Debug|x86.ActiveCfg = Debug|Any CPU
		{60F1750B-31CB-459A-AA6B-C76ACB3CD210}.Debug|x86.Build.0 = Debug|Any CPU
		{60F1750B-31CB-459A-AA6B-C76ACB3CD210}.Release|Any CPU.ActiveCfg = Release|Any CPU
		{60F1750B-31CB-459A-AA6B-C76ACB3CD210}.Release|Any CPU.Build.0 = Release|Any CPU
		{60F1750B-31CB-459A-AA6B-C76ACB3CD210}.Release|x64.ActiveCfg = Release|Any CPU
		{60F1750B-31CB-459A-AA6B-C76ACB3CD210}.Release|x64.Build.0 = Release|Any CPU
		{60F1750B-31CB-459A-AA6B-C76ACB3CD210}.Release|x86.ActiveCfg = Release|Any CPU
		{60F1750B-31CB-459A-AA6B-C76ACB3CD210}.Release|x86.Build.0 = Release|Any CPU
		{4386FBEC-CA5B-406B-99C2-EE01C51AB0A7}.Debug|Any CPU.ActiveCfg = Debug|Any CPU
		{4386FBEC-CA5B-406B-99C2-EE01C51AB0A7}.Debug|Any CPU.Build.0 = Debug|Any CPU
		{4386FBEC-CA5B-406B-99C2-EE01C51AB0A7}.Debug|x64.ActiveCfg = Debug|Any CPU
		{4386FBEC-CA5B-406B-99C2-EE01C51AB0A7}.Debug|x64.Build.0 = Debug|Any CPU
		{4386FBEC-CA5B-406B-99C2-EE01C51AB0A7}.Debug|x86.ActiveCfg = Debug|Any CPU
		{4386FBEC-CA5B-406B-99C2-EE01C51AB0A7}.Debug|x86.Build.0 = Debug|Any CPU
		{4386FBEC-CA5B-406B-99C2-EE01C51AB0A7}.Release|Any CPU.ActiveCfg = Release|Any CPU
		{4386FBEC-CA5B-406B-99C2-EE01C51AB0A7}.Release|Any CPU.Build.0 = Release|Any CPU
		{4386FBEC-CA5B-406B-99C2-EE01C51AB0A7}.Release|x64.ActiveCfg = Release|Any CPU
		{4386FBEC-CA5B-406B-99C2-EE01C51AB0A7}.Release|x64.Build.0 = Release|Any CPU
		{4386FBEC-CA5B-406B-99C2-EE01C51AB0A7}.Release|x86.ActiveCfg = Release|Any CPU
		{4386FBEC-CA5B-406B-99C2-EE01C51AB0A7}.Release|x86.Build.0 = Release|Any CPU
		{875A4571-8004-421C-A290-1E74BB6941A0}.Debug|Any CPU.ActiveCfg = Debug|Any CPU
		{875A4571-8004-421C-A290-1E74BB6941A0}.Debug|Any CPU.Build.0 = Debug|Any CPU
		{875A4571-8004-421C-A290-1E74BB6941A0}.Debug|x64.ActiveCfg = Debug|Any CPU
		{875A4571-8004-421C-A290-1E74BB6941A0}.Debug|x64.Build.0 = Debug|Any CPU
		{875A4571-8004-421C-A290-1E74BB6941A0}.Debug|x86.ActiveCfg = Debug|Any CPU
		{875A4571-8004-421C-A290-1E74BB6941A0}.Debug|x86.Build.0 = Debug|Any CPU
		{875A4571-8004-421C-A290-1E74BB6941A0}.Release|Any CPU.ActiveCfg = Release|Any CPU
		{875A4571-8004-421C-A290-1E74BB6941A0}.Release|Any CPU.Build.0 = Release|Any CPU
		{875A4571-8004-421C-A290-1E74BB6941A0}.Release|x64.ActiveCfg = Release|Any CPU
		{875A4571-8004-421C-A290-1E74BB6941A0}.Release|x64.Build.0 = Release|Any CPU
		{875A4571-8004-421C-A290-1E74BB6941A0}.Release|x86.ActiveCfg = Release|Any CPU
		{875A4571-8004-421C-A290-1E74BB6941A0}.Release|x86.Build.0 = Release|Any CPU
		{BC215616-A9FF-4D40-8D0C-3185C77D5BEC}.Debug|Any CPU.ActiveCfg = Debug|Any CPU
		{BC215616-A9FF-4D40-8D0C-3185C77D5BEC}.Debug|Any CPU.Build.0 = Debug|Any CPU
		{BC215616-A9FF-4D40-8D0C-3185C77D5BEC}.Debug|x64.ActiveCfg = Debug|Any CPU
		{BC215616-A9FF-4D40-8D0C-3185C77D5BEC}.Debug|x64.Build.0 = Debug|Any CPU
		{BC215616-A9FF-4D40-8D0C-3185C77D5BEC}.Debug|x86.ActiveCfg = Debug|Any CPU
		{BC215616-A9FF-4D40-8D0C-3185C77D5BEC}.Debug|x86.Build.0 = Debug|Any CPU
		{BC215616-A9FF-4D40-8D0C-3185C77D5BEC}.Release|Any CPU.ActiveCfg = Release|Any CPU
		{BC215616-A9FF-4D40-8D0C-3185C77D5BEC}.Release|Any CPU.Build.0 = Release|Any CPU
		{BC215616-A9FF-4D40-8D0C-3185C77D5BEC}.Release|x64.ActiveCfg = Release|Any CPU
		{BC215616-A9FF-4D40-8D0C-3185C77D5BEC}.Release|x64.Build.0 = Release|Any CPU
		{BC215616-A9FF-4D40-8D0C-3185C77D5BEC}.Release|x86.ActiveCfg = Release|Any CPU
		{BC215616-A9FF-4D40-8D0C-3185C77D5BEC}.Release|x86.Build.0 = Release|Any CPU
		{EEC4B9CD-F65F-4810-B55C-10A4915E7C01}.Debug|Any CPU.ActiveCfg = Debug|Any CPU
		{EEC4B9CD-F65F-4810-B55C-10A4915E7C01}.Debug|Any CPU.Build.0 = Debug|Any CPU
		{EEC4B9CD-F65F-4810-B55C-10A4915E7C01}.Debug|x64.ActiveCfg = Debug|Any CPU
		{EEC4B9CD-F65F-4810-B55C-10A4915E7C01}.Debug|x64.Build.0 = Debug|Any CPU
		{EEC4B9CD-F65F-4810-B55C-10A4915E7C01}.Debug|x86.ActiveCfg = Debug|Any CPU
		{EEC4B9CD-F65F-4810-B55C-10A4915E7C01}.Debug|x86.Build.0 = Debug|Any CPU
		{EEC4B9CD-F65F-4810-B55C-10A4915E7C01}.Release|Any CPU.ActiveCfg = Release|Any CPU
		{EEC4B9CD-F65F-4810-B55C-10A4915E7C01}.Release|Any CPU.Build.0 = Release|Any CPU
		{EEC4B9CD-F65F-4810-B55C-10A4915E7C01}.Release|x64.ActiveCfg = Release|Any CPU
		{EEC4B9CD-F65F-4810-B55C-10A4915E7C01}.Release|x64.Build.0 = Release|Any CPU
		{EEC4B9CD-F65F-4810-B55C-10A4915E7C01}.Release|x86.ActiveCfg = Release|Any CPU
		{EEC4B9CD-F65F-4810-B55C-10A4915E7C01}.Release|x86.Build.0 = Release|Any CPU
		{B53CB433-5C1C-475F-9E72-6B95ED36C5AA}.Debug|Any CPU.ActiveCfg = Debug|Any CPU
		{B53CB433-5C1C-475F-9E72-6B95ED36C5AA}.Debug|Any CPU.Build.0 = Debug|Any CPU
		{B53CB433-5C1C-475F-9E72-6B95ED36C5AA}.Debug|x64.ActiveCfg = Debug|Any CPU
		{B53CB433-5C1C-475F-9E72-6B95ED36C5AA}.Debug|x64.Build.0 = Debug|Any CPU
		{B53CB433-5C1C-475F-9E72-6B95ED36C5AA}.Debug|x86.ActiveCfg = Debug|Any CPU
		{B53CB433-5C1C-475F-9E72-6B95ED36C5AA}.Debug|x86.Build.0 = Debug|Any CPU
		{B53CB433-5C1C-475F-9E72-6B95ED36C5AA}.Release|Any CPU.ActiveCfg = Release|Any CPU
		{B53CB433-5C1C-475F-9E72-6B95ED36C5AA}.Release|Any CPU.Build.0 = Release|Any CPU
		{B53CB433-5C1C-475F-9E72-6B95ED36C5AA}.Release|x64.ActiveCfg = Release|Any CPU
		{B53CB433-5C1C-475F-9E72-6B95ED36C5AA}.Release|x64.Build.0 = Release|Any CPU
		{B53CB433-5C1C-475F-9E72-6B95ED36C5AA}.Release|x86.ActiveCfg = Release|Any CPU
		{B53CB433-5C1C-475F-9E72-6B95ED36C5AA}.Release|x86.Build.0 = Release|Any CPU
		{40BF26AD-3D95-4DF1-8F8D-E8240BA9EFBD}.Debug|Any CPU.ActiveCfg = Debug|Any CPU
		{40BF26AD-3D95-4DF1-8F8D-E8240BA9EFBD}.Debug|Any CPU.Build.0 = Debug|Any CPU
		{40BF26AD-3D95-4DF1-8F8D-E8240BA9EFBD}.Debug|x64.ActiveCfg = Debug|Any CPU
		{40BF26AD-3D95-4DF1-8F8D-E8240BA9EFBD}.Debug|x64.Build.0 = Debug|Any CPU
		{40BF26AD-3D95-4DF1-8F8D-E8240BA9EFBD}.Debug|x86.ActiveCfg = Debug|Any CPU
		{40BF26AD-3D95-4DF1-8F8D-E8240BA9EFBD}.Debug|x86.Build.0 = Debug|Any CPU
		{40BF26AD-3D95-4DF1-8F8D-E8240BA9EFBD}.Release|Any CPU.ActiveCfg = Release|Any CPU
		{40BF26AD-3D95-4DF1-8F8D-E8240BA9EFBD}.Release|Any CPU.Build.0 = Release|Any CPU
		{40BF26AD-3D95-4DF1-8F8D-E8240BA9EFBD}.Release|x64.ActiveCfg = Release|Any CPU
		{40BF26AD-3D95-4DF1-8F8D-E8240BA9EFBD}.Release|x64.Build.0 = Release|Any CPU
		{40BF26AD-3D95-4DF1-8F8D-E8240BA9EFBD}.Release|x86.ActiveCfg = Release|Any CPU
		{40BF26AD-3D95-4DF1-8F8D-E8240BA9EFBD}.Release|x86.Build.0 = Release|Any CPU
		{31DB8DD6-22B2-41C9-A248-08D58CFD0FAB}.Debug|Any CPU.ActiveCfg = Debug|Any CPU
		{31DB8DD6-22B2-41C9-A248-08D58CFD0FAB}.Debug|Any CPU.Build.0 = Debug|Any CPU
		{31DB8DD6-22B2-41C9-A248-08D58CFD0FAB}.Debug|x64.ActiveCfg = Debug|Any CPU
		{31DB8DD6-22B2-41C9-A248-08D58CFD0FAB}.Debug|x64.Build.0 = Debug|Any CPU
		{31DB8DD6-22B2-41C9-A248-08D58CFD0FAB}.Debug|x86.ActiveCfg = Debug|Any CPU
		{31DB8DD6-22B2-41C9-A248-08D58CFD0FAB}.Debug|x86.Build.0 = Debug|Any CPU
		{31DB8DD6-22B2-41C9-A248-08D58CFD0FAB}.Release|Any CPU.ActiveCfg = Release|Any CPU
		{31DB8DD6-22B2-41C9-A248-08D58CFD0FAB}.Release|Any CPU.Build.0 = Release|Any CPU
		{31DB8DD6-22B2-41C9-A248-08D58CFD0FAB}.Release|x64.ActiveCfg = Release|Any CPU
		{31DB8DD6-22B2-41C9-A248-08D58CFD0FAB}.Release|x64.Build.0 = Release|Any CPU
		{31DB8DD6-22B2-41C9-A248-08D58CFD0FAB}.Release|x86.ActiveCfg = Release|Any CPU
		{31DB8DD6-22B2-41C9-A248-08D58CFD0FAB}.Release|x86.Build.0 = Release|Any CPU
		{AD96932E-E8D0-4F1E-9078-66E7F9BFA177}.Debug|Any CPU.ActiveCfg = Debug|Any CPU
		{AD96932E-E8D0-4F1E-9078-66E7F9BFA177}.Debug|Any CPU.Build.0 = Debug|Any CPU
		{AD96932E-E8D0-4F1E-9078-66E7F9BFA177}.Debug|x64.ActiveCfg = Debug|Any CPU
		{AD96932E-E8D0-4F1E-9078-66E7F9BFA177}.Debug|x64.Build.0 = Debug|Any CPU
		{AD96932E-E8D0-4F1E-9078-66E7F9BFA177}.Debug|x86.ActiveCfg = Debug|Any CPU
		{AD96932E-E8D0-4F1E-9078-66E7F9BFA177}.Debug|x86.Build.0 = Debug|Any CPU
		{AD96932E-E8D0-4F1E-9078-66E7F9BFA177}.Release|Any CPU.ActiveCfg = Release|Any CPU
		{AD96932E-E8D0-4F1E-9078-66E7F9BFA177}.Release|Any CPU.Build.0 = Release|Any CPU
		{AD96932E-E8D0-4F1E-9078-66E7F9BFA177}.Release|x64.ActiveCfg = Release|Any CPU
		{AD96932E-E8D0-4F1E-9078-66E7F9BFA177}.Release|x64.Build.0 = Release|Any CPU
		{AD96932E-E8D0-4F1E-9078-66E7F9BFA177}.Release|x86.ActiveCfg = Release|Any CPU
		{AD96932E-E8D0-4F1E-9078-66E7F9BFA177}.Release|x86.Build.0 = Release|Any CPU
		{04096010-D996-46E1-BF4C-40479F11DDEE}.Debug|Any CPU.ActiveCfg = Debug|Any CPU
		{04096010-D996-46E1-BF4C-40479F11DDEE}.Debug|Any CPU.Build.0 = Debug|Any CPU
		{04096010-D996-46E1-BF4C-40479F11DDEE}.Debug|x64.ActiveCfg = Debug|Any CPU
		{04096010-D996-46E1-BF4C-40479F11DDEE}.Debug|x64.Build.0 = Debug|Any CPU
		{04096010-D996-46E1-BF4C-40479F11DDEE}.Debug|x86.ActiveCfg = Debug|Any CPU
		{04096010-D996-46E1-BF4C-40479F11DDEE}.Debug|x86.Build.0 = Debug|Any CPU
		{04096010-D996-46E1-BF4C-40479F11DDEE}.Release|Any CPU.ActiveCfg = Release|Any CPU
		{04096010-D996-46E1-BF4C-40479F11DDEE}.Release|Any CPU.Build.0 = Release|Any CPU
		{04096010-D996-46E1-BF4C-40479F11DDEE}.Release|x64.ActiveCfg = Release|Any CPU
		{04096010-D996-46E1-BF4C-40479F11DDEE}.Release|x64.Build.0 = Release|Any CPU
		{04096010-D996-46E1-BF4C-40479F11DDEE}.Release|x86.ActiveCfg = Release|Any CPU
		{04096010-D996-46E1-BF4C-40479F11DDEE}.Release|x86.Build.0 = Release|Any CPU
		{E96684DC-95EB-4AB0-8764-9E5BFCC2A61B}.Debug|Any CPU.ActiveCfg = Debug|Any CPU
		{E96684DC-95EB-4AB0-8764-9E5BFCC2A61B}.Debug|Any CPU.Build.0 = Debug|Any CPU
		{E96684DC-95EB-4AB0-8764-9E5BFCC2A61B}.Debug|x64.ActiveCfg = Debug|Any CPU
		{E96684DC-95EB-4AB0-8764-9E5BFCC2A61B}.Debug|x64.Build.0 = Debug|Any CPU
		{E96684DC-95EB-4AB0-8764-9E5BFCC2A61B}.Debug|x86.ActiveCfg = Debug|Any CPU
		{E96684DC-95EB-4AB0-8764-9E5BFCC2A61B}.Debug|x86.Build.0 = Debug|Any CPU
		{E96684DC-95EB-4AB0-8764-9E5BFCC2A61B}.Release|Any CPU.ActiveCfg = Release|Any CPU
		{E96684DC-95EB-4AB0-8764-9E5BFCC2A61B}.Release|Any CPU.Build.0 = Release|Any CPU
		{E96684DC-95EB-4AB0-8764-9E5BFCC2A61B}.Release|x64.ActiveCfg = Release|Any CPU
		{E96684DC-95EB-4AB0-8764-9E5BFCC2A61B}.Release|x64.Build.0 = Release|Any CPU
		{E96684DC-95EB-4AB0-8764-9E5BFCC2A61B}.Release|x86.ActiveCfg = Release|Any CPU
		{E96684DC-95EB-4AB0-8764-9E5BFCC2A61B}.Release|x86.Build.0 = Release|Any CPU
		{6D95BFF2-FC78-4931-82FE-EC37E0D4F455}.Debug|Any CPU.ActiveCfg = Debug|Any CPU
		{6D95BFF2-FC78-4931-82FE-EC37E0D4F455}.Debug|Any CPU.Build.0 = Debug|Any CPU
		{6D95BFF2-FC78-4931-82FE-EC37E0D4F455}.Debug|x64.ActiveCfg = Debug|Any CPU
		{6D95BFF2-FC78-4931-82FE-EC37E0D4F455}.Debug|x64.Build.0 = Debug|Any CPU
		{6D95BFF2-FC78-4931-82FE-EC37E0D4F455}.Debug|x86.ActiveCfg = Debug|Any CPU
		{6D95BFF2-FC78-4931-82FE-EC37E0D4F455}.Debug|x86.Build.0 = Debug|Any CPU
		{6D95BFF2-FC78-4931-82FE-EC37E0D4F455}.Release|Any CPU.ActiveCfg = Release|Any CPU
		{6D95BFF2-FC78-4931-82FE-EC37E0D4F455}.Release|Any CPU.Build.0 = Release|Any CPU
		{6D95BFF2-FC78-4931-82FE-EC37E0D4F455}.Release|x64.ActiveCfg = Release|Any CPU
		{6D95BFF2-FC78-4931-82FE-EC37E0D4F455}.Release|x64.Build.0 = Release|Any CPU
		{6D95BFF2-FC78-4931-82FE-EC37E0D4F455}.Release|x86.ActiveCfg = Release|Any CPU
		{6D95BFF2-FC78-4931-82FE-EC37E0D4F455}.Release|x86.Build.0 = Release|Any CPU
		{38B5D99E-40FC-4742-8AB9-0513B76BDC43}.Debug|Any CPU.ActiveCfg = Debug|Any CPU
		{38B5D99E-40FC-4742-8AB9-0513B76BDC43}.Debug|Any CPU.Build.0 = Debug|Any CPU
		{38B5D99E-40FC-4742-8AB9-0513B76BDC43}.Debug|x64.ActiveCfg = Debug|Any CPU
		{38B5D99E-40FC-4742-8AB9-0513B76BDC43}.Debug|x64.Build.0 = Debug|Any CPU
		{38B5D99E-40FC-4742-8AB9-0513B76BDC43}.Debug|x86.ActiveCfg = Debug|Any CPU
		{38B5D99E-40FC-4742-8AB9-0513B76BDC43}.Debug|x86.Build.0 = Debug|Any CPU
		{38B5D99E-40FC-4742-8AB9-0513B76BDC43}.Release|Any CPU.ActiveCfg = Release|Any CPU
		{38B5D99E-40FC-4742-8AB9-0513B76BDC43}.Release|Any CPU.Build.0 = Release|Any CPU
		{38B5D99E-40FC-4742-8AB9-0513B76BDC43}.Release|x64.ActiveCfg = Release|Any CPU
		{38B5D99E-40FC-4742-8AB9-0513B76BDC43}.Release|x64.Build.0 = Release|Any CPU
		{38B5D99E-40FC-4742-8AB9-0513B76BDC43}.Release|x86.ActiveCfg = Release|Any CPU
		{38B5D99E-40FC-4742-8AB9-0513B76BDC43}.Release|x86.Build.0 = Release|Any CPU
		{F5073FE0-1710-427F-9AFD-E16D72ECE39B}.Debug|Any CPU.ActiveCfg = Debug|Any CPU
		{F5073FE0-1710-427F-9AFD-E16D72ECE39B}.Debug|Any CPU.Build.0 = Debug|Any CPU
		{F5073FE0-1710-427F-9AFD-E16D72ECE39B}.Debug|x64.ActiveCfg = Debug|Any CPU
		{F5073FE0-1710-427F-9AFD-E16D72ECE39B}.Debug|x64.Build.0 = Debug|Any CPU
		{F5073FE0-1710-427F-9AFD-E16D72ECE39B}.Debug|x86.ActiveCfg = Debug|Any CPU
		{F5073FE0-1710-427F-9AFD-E16D72ECE39B}.Debug|x86.Build.0 = Debug|Any CPU
		{F5073FE0-1710-427F-9AFD-E16D72ECE39B}.Release|Any CPU.ActiveCfg = Release|Any CPU
		{F5073FE0-1710-427F-9AFD-E16D72ECE39B}.Release|Any CPU.Build.0 = Release|Any CPU
		{F5073FE0-1710-427F-9AFD-E16D72ECE39B}.Release|x64.ActiveCfg = Release|Any CPU
		{F5073FE0-1710-427F-9AFD-E16D72ECE39B}.Release|x64.Build.0 = Release|Any CPU
		{F5073FE0-1710-427F-9AFD-E16D72ECE39B}.Release|x86.ActiveCfg = Release|Any CPU
		{F5073FE0-1710-427F-9AFD-E16D72ECE39B}.Release|x86.Build.0 = Release|Any CPU
		{8266007C-6CAA-4504-950B-EDB785A7477D}.Debug|Any CPU.ActiveCfg = Debug|Any CPU
		{8266007C-6CAA-4504-950B-EDB785A7477D}.Debug|Any CPU.Build.0 = Debug|Any CPU
		{8266007C-6CAA-4504-950B-EDB785A7477D}.Debug|x64.ActiveCfg = Debug|Any CPU
		{8266007C-6CAA-4504-950B-EDB785A7477D}.Debug|x64.Build.0 = Debug|Any CPU
		{8266007C-6CAA-4504-950B-EDB785A7477D}.Debug|x86.ActiveCfg = Debug|Any CPU
		{8266007C-6CAA-4504-950B-EDB785A7477D}.Debug|x86.Build.0 = Debug|Any CPU
		{8266007C-6CAA-4504-950B-EDB785A7477D}.Release|Any CPU.ActiveCfg = Release|Any CPU
		{8266007C-6CAA-4504-950B-EDB785A7477D}.Release|Any CPU.Build.0 = Release|Any CPU
		{8266007C-6CAA-4504-950B-EDB785A7477D}.Release|x64.ActiveCfg = Release|Any CPU
		{8266007C-6CAA-4504-950B-EDB785A7477D}.Release|x64.Build.0 = Release|Any CPU
		{8266007C-6CAA-4504-950B-EDB785A7477D}.Release|x86.ActiveCfg = Release|Any CPU
		{8266007C-6CAA-4504-950B-EDB785A7477D}.Release|x86.Build.0 = Release|Any CPU
		{9182D62E-E7B7-4D17-B59E-3CD8C2F992F2}.Debug|Any CPU.ActiveCfg = Debug|Any CPU
		{9182D62E-E7B7-4D17-B59E-3CD8C2F992F2}.Debug|Any CPU.Build.0 = Debug|Any CPU
		{9182D62E-E7B7-4D17-B59E-3CD8C2F992F2}.Debug|x64.ActiveCfg = Debug|Any CPU
		{9182D62E-E7B7-4D17-B59E-3CD8C2F992F2}.Debug|x64.Build.0 = Debug|Any CPU
		{9182D62E-E7B7-4D17-B59E-3CD8C2F992F2}.Debug|x86.ActiveCfg = Debug|Any CPU
		{9182D62E-E7B7-4D17-B59E-3CD8C2F992F2}.Debug|x86.Build.0 = Debug|Any CPU
		{9182D62E-E7B7-4D17-B59E-3CD8C2F992F2}.Release|Any CPU.ActiveCfg = Release|Any CPU
		{9182D62E-E7B7-4D17-B59E-3CD8C2F992F2}.Release|Any CPU.Build.0 = Release|Any CPU
		{9182D62E-E7B7-4D17-B59E-3CD8C2F992F2}.Release|x64.ActiveCfg = Release|Any CPU
		{9182D62E-E7B7-4D17-B59E-3CD8C2F992F2}.Release|x64.Build.0 = Release|Any CPU
		{9182D62E-E7B7-4D17-B59E-3CD8C2F992F2}.Release|x86.ActiveCfg = Release|Any CPU
		{9182D62E-E7B7-4D17-B59E-3CD8C2F992F2}.Release|x86.Build.0 = Release|Any CPU
		{B9A3D9E6-BEC0-4A5F-AB40-266077F83D21}.Debug|Any CPU.ActiveCfg = Debug|Any CPU
		{B9A3D9E6-BEC0-4A5F-AB40-266077F83D21}.Debug|Any CPU.Build.0 = Debug|Any CPU
		{B9A3D9E6-BEC0-4A5F-AB40-266077F83D21}.Debug|x64.ActiveCfg = Debug|Any CPU
		{B9A3D9E6-BEC0-4A5F-AB40-266077F83D21}.Debug|x64.Build.0 = Debug|Any CPU
		{B9A3D9E6-BEC0-4A5F-AB40-266077F83D21}.Debug|x86.ActiveCfg = Debug|Any CPU
		{B9A3D9E6-BEC0-4A5F-AB40-266077F83D21}.Debug|x86.Build.0 = Debug|Any CPU
		{B9A3D9E6-BEC0-4A5F-AB40-266077F83D21}.Release|Any CPU.ActiveCfg = Release|Any CPU
		{B9A3D9E6-BEC0-4A5F-AB40-266077F83D21}.Release|Any CPU.Build.0 = Release|Any CPU
		{B9A3D9E6-BEC0-4A5F-AB40-266077F83D21}.Release|x64.ActiveCfg = Release|Any CPU
		{B9A3D9E6-BEC0-4A5F-AB40-266077F83D21}.Release|x64.Build.0 = Release|Any CPU
		{B9A3D9E6-BEC0-4A5F-AB40-266077F83D21}.Release|x86.ActiveCfg = Release|Any CPU
		{B9A3D9E6-BEC0-4A5F-AB40-266077F83D21}.Release|x86.Build.0 = Release|Any CPU
		{2FD168F6-1555-44FE-87D7-7B7F6ECDF4C0}.Debug|Any CPU.ActiveCfg = Debug|Any CPU
		{2FD168F6-1555-44FE-87D7-7B7F6ECDF4C0}.Debug|Any CPU.Build.0 = Debug|Any CPU
		{2FD168F6-1555-44FE-87D7-7B7F6ECDF4C0}.Debug|x64.ActiveCfg = Debug|Any CPU
		{2FD168F6-1555-44FE-87D7-7B7F6ECDF4C0}.Debug|x64.Build.0 = Debug|Any CPU
		{2FD168F6-1555-44FE-87D7-7B7F6ECDF4C0}.Debug|x86.ActiveCfg = Debug|Any CPU
		{2FD168F6-1555-44FE-87D7-7B7F6ECDF4C0}.Debug|x86.Build.0 = Debug|Any CPU
		{2FD168F6-1555-44FE-87D7-7B7F6ECDF4C0}.Release|Any CPU.ActiveCfg = Release|Any CPU
		{2FD168F6-1555-44FE-87D7-7B7F6ECDF4C0}.Release|Any CPU.Build.0 = Release|Any CPU
		{2FD168F6-1555-44FE-87D7-7B7F6ECDF4C0}.Release|x64.ActiveCfg = Release|Any CPU
		{2FD168F6-1555-44FE-87D7-7B7F6ECDF4C0}.Release|x64.Build.0 = Release|Any CPU
		{2FD168F6-1555-44FE-87D7-7B7F6ECDF4C0}.Release|x86.ActiveCfg = Release|Any CPU
		{2FD168F6-1555-44FE-87D7-7B7F6ECDF4C0}.Release|x86.Build.0 = Release|Any CPU
		{4BB25124-01AF-4493-AB80-479497A80950}.Debug|Any CPU.ActiveCfg = Debug|Any CPU
		{4BB25124-01AF-4493-AB80-479497A80950}.Debug|Any CPU.Build.0 = Debug|Any CPU
		{4BB25124-01AF-4493-AB80-479497A80950}.Debug|x64.ActiveCfg = Debug|Any CPU
		{4BB25124-01AF-4493-AB80-479497A80950}.Debug|x64.Build.0 = Debug|Any CPU
		{4BB25124-01AF-4493-AB80-479497A80950}.Debug|x86.ActiveCfg = Debug|Any CPU
		{4BB25124-01AF-4493-AB80-479497A80950}.Debug|x86.Build.0 = Debug|Any CPU
		{4BB25124-01AF-4493-AB80-479497A80950}.Release|Any CPU.ActiveCfg = Release|Any CPU
		{4BB25124-01AF-4493-AB80-479497A80950}.Release|Any CPU.Build.0 = Release|Any CPU
		{4BB25124-01AF-4493-AB80-479497A80950}.Release|x64.ActiveCfg = Release|Any CPU
		{4BB25124-01AF-4493-AB80-479497A80950}.Release|x64.Build.0 = Release|Any CPU
		{4BB25124-01AF-4493-AB80-479497A80950}.Release|x86.ActiveCfg = Release|Any CPU
		{4BB25124-01AF-4493-AB80-479497A80950}.Release|x86.Build.0 = Release|Any CPU
		{870B64A9-62A5-4814-AECE-0F43FA4D4283}.Debug|Any CPU.ActiveCfg = Debug|Any CPU
		{870B64A9-62A5-4814-AECE-0F43FA4D4283}.Debug|Any CPU.Build.0 = Debug|Any CPU
		{870B64A9-62A5-4814-AECE-0F43FA4D4283}.Debug|x64.ActiveCfg = Debug|Any CPU
		{870B64A9-62A5-4814-AECE-0F43FA4D4283}.Debug|x64.Build.0 = Debug|Any CPU
		{870B64A9-62A5-4814-AECE-0F43FA4D4283}.Debug|x86.ActiveCfg = Debug|Any CPU
		{870B64A9-62A5-4814-AECE-0F43FA4D4283}.Debug|x86.Build.0 = Debug|Any CPU
		{870B64A9-62A5-4814-AECE-0F43FA4D4283}.Release|Any CPU.ActiveCfg = Release|Any CPU
		{870B64A9-62A5-4814-AECE-0F43FA4D4283}.Release|Any CPU.Build.0 = Release|Any CPU
		{870B64A9-62A5-4814-AECE-0F43FA4D4283}.Release|x64.ActiveCfg = Release|Any CPU
		{870B64A9-62A5-4814-AECE-0F43FA4D4283}.Release|x64.Build.0 = Release|Any CPU
		{870B64A9-62A5-4814-AECE-0F43FA4D4283}.Release|x86.ActiveCfg = Release|Any CPU
		{870B64A9-62A5-4814-AECE-0F43FA4D4283}.Release|x86.Build.0 = Release|Any CPU
		{FCE253D0-4881-452B-9EDC-5BA25BC0A087}.Debug|Any CPU.ActiveCfg = Debug|Any CPU
		{FCE253D0-4881-452B-9EDC-5BA25BC0A087}.Debug|Any CPU.Build.0 = Debug|Any CPU
		{FCE253D0-4881-452B-9EDC-5BA25BC0A087}.Debug|x64.ActiveCfg = Debug|Any CPU
		{FCE253D0-4881-452B-9EDC-5BA25BC0A087}.Debug|x64.Build.0 = Debug|Any CPU
		{FCE253D0-4881-452B-9EDC-5BA25BC0A087}.Debug|x86.ActiveCfg = Debug|Any CPU
		{FCE253D0-4881-452B-9EDC-5BA25BC0A087}.Debug|x86.Build.0 = Debug|Any CPU
		{FCE253D0-4881-452B-9EDC-5BA25BC0A087}.Release|Any CPU.ActiveCfg = Release|Any CPU
		{FCE253D0-4881-452B-9EDC-5BA25BC0A087}.Release|Any CPU.Build.0 = Release|Any CPU
		{FCE253D0-4881-452B-9EDC-5BA25BC0A087}.Release|x64.ActiveCfg = Release|Any CPU
		{FCE253D0-4881-452B-9EDC-5BA25BC0A087}.Release|x64.Build.0 = Release|Any CPU
		{FCE253D0-4881-452B-9EDC-5BA25BC0A087}.Release|x86.ActiveCfg = Release|Any CPU
		{FCE253D0-4881-452B-9EDC-5BA25BC0A087}.Release|x86.Build.0 = Release|Any CPU
		{F5FB00D8-2B32-4C0F-921E-0B4FEB06FCD8}.Debug|Any CPU.ActiveCfg = Debug|Any CPU
		{F5FB00D8-2B32-4C0F-921E-0B4FEB06FCD8}.Debug|Any CPU.Build.0 = Debug|Any CPU
		{F5FB00D8-2B32-4C0F-921E-0B4FEB06FCD8}.Debug|x64.ActiveCfg = Debug|Any CPU
		{F5FB00D8-2B32-4C0F-921E-0B4FEB06FCD8}.Debug|x64.Build.0 = Debug|Any CPU
		{F5FB00D8-2B32-4C0F-921E-0B4FEB06FCD8}.Debug|x86.ActiveCfg = Debug|Any CPU
		{F5FB00D8-2B32-4C0F-921E-0B4FEB06FCD8}.Debug|x86.Build.0 = Debug|Any CPU
		{F5FB00D8-2B32-4C0F-921E-0B4FEB06FCD8}.Release|Any CPU.ActiveCfg = Release|Any CPU
		{F5FB00D8-2B32-4C0F-921E-0B4FEB06FCD8}.Release|Any CPU.Build.0 = Release|Any CPU
		{F5FB00D8-2B32-4C0F-921E-0B4FEB06FCD8}.Release|x64.ActiveCfg = Release|Any CPU
		{F5FB00D8-2B32-4C0F-921E-0B4FEB06FCD8}.Release|x64.Build.0 = Release|Any CPU
		{F5FB00D8-2B32-4C0F-921E-0B4FEB06FCD8}.Release|x86.ActiveCfg = Release|Any CPU
		{F5FB00D8-2B32-4C0F-921E-0B4FEB06FCD8}.Release|x86.Build.0 = Release|Any CPU
		{5DDAF846-0F56-434D-ADB1-23590F00DAF8}.Debug|Any CPU.ActiveCfg = Debug|Any CPU
		{5DDAF846-0F56-434D-ADB1-23590F00DAF8}.Debug|Any CPU.Build.0 = Debug|Any CPU
		{5DDAF846-0F56-434D-ADB1-23590F00DAF8}.Debug|x64.ActiveCfg = Debug|Any CPU
		{5DDAF846-0F56-434D-ADB1-23590F00DAF8}.Debug|x64.Build.0 = Debug|Any CPU
		{5DDAF846-0F56-434D-ADB1-23590F00DAF8}.Debug|x86.ActiveCfg = Debug|Any CPU
		{5DDAF846-0F56-434D-ADB1-23590F00DAF8}.Debug|x86.Build.0 = Debug|Any CPU
		{5DDAF846-0F56-434D-ADB1-23590F00DAF8}.Release|Any CPU.ActiveCfg = Release|Any CPU
		{5DDAF846-0F56-434D-ADB1-23590F00DAF8}.Release|Any CPU.Build.0 = Release|Any CPU
		{5DDAF846-0F56-434D-ADB1-23590F00DAF8}.Release|x64.ActiveCfg = Release|Any CPU
		{5DDAF846-0F56-434D-ADB1-23590F00DAF8}.Release|x64.Build.0 = Release|Any CPU
		{5DDAF846-0F56-434D-ADB1-23590F00DAF8}.Release|x86.ActiveCfg = Release|Any CPU
		{5DDAF846-0F56-434D-ADB1-23590F00DAF8}.Release|x86.Build.0 = Release|Any CPU
	EndGlobalSection
	GlobalSection(SolutionProperties) = preSolution
		HideSolutionNode = FALSE
	EndGlobalSection
	GlobalSection(NestedProjects) = preSolution
		{DC6D98F1-47EE-4727-B3C1-03D0F5EA5F66} = {00DA55E1-7AC9-4707-AF35-6EFC4D683EEB}
		{014B4160-F3D7-4DB8-97C8-8064068A8BEE} = {00DA55E1-7AC9-4707-AF35-6EFC4D683EEB}
		{6D8D2DE4-D279-4702-B50D-68B5E5E2C1E6} = {E3D6E84E-B038-4339-854F-A3F2BE048EC0}
		{81CA67B3-314E-4345-A7F7-99FC59709AD0} = {E3D6E84E-B038-4339-854F-A3F2BE048EC0}
		{8B76A9BD-77D3-497F-8248-AF683126454B} = {E3D6E84E-B038-4339-854F-A3F2BE048EC0}
		{D28B5414-6253-41C3-BEF6-F2F18128565A} = {E3D6E84E-B038-4339-854F-A3F2BE048EC0}
		{613C72A2-0979-44B1-B8DE-E3FD6ECB0761} = {E3D6E84E-B038-4339-854F-A3F2BE048EC0}
		{42650595-8AE9-4AF4-ADDE-A23256984F2F} = {E3D6E84E-B038-4339-854F-A3F2BE048EC0}
		{CC397CAE-6A31-4183-ACD7-AF5F9AE2A05F} = {E3D6E84E-B038-4339-854F-A3F2BE048EC0}
		{43FEE0CC-2909-46E2-A19E-41AB431A25DD} = {E3D6E84E-B038-4339-854F-A3F2BE048EC0}
		{73C5A9E4-B031-4910-B61C-0C011C633A34} = {E3D6E84E-B038-4339-854F-A3F2BE048EC0}
		{3BA571D6-D688-4245-895A-CF076E3009C6} = {36DF701C-02BA-486B-BCC3-1F94E71A09DF}
		{8EC4EBA4-602B-4CF7-B962-B291B3E6DFC9} = {3BA571D6-D688-4245-895A-CF076E3009C6}
		{0B652A41-204D-42B2-AB9E-AE6B7DFA5F34} = {3BA571D6-D688-4245-895A-CF076E3009C6}
		{BF11BF3E-A7E4-4A76-8E94-4D1042094035} = {3BA571D6-D688-4245-895A-CF076E3009C6}
		{60F1750B-31CB-459A-AA6B-C76ACB3CD210} = {3BA571D6-D688-4245-895A-CF076E3009C6}
		{4386FBEC-CA5B-406B-99C2-EE01C51AB0A7} = {E3D6E84E-B038-4339-854F-A3F2BE048EC0}
		{13D76127-275C-4087-AD68-A06DD19D8240} = {36DF701C-02BA-486B-BCC3-1F94E71A09DF}
		{875A4571-8004-421C-A290-1E74BB6941A0} = {13D76127-275C-4087-AD68-A06DD19D8240}
		{BC215616-A9FF-4D40-8D0C-3185C77D5BEC} = {13D76127-275C-4087-AD68-A06DD19D8240}
		{EEC4B9CD-F65F-4810-B55C-10A4915E7C01} = {13D76127-275C-4087-AD68-A06DD19D8240}
		{B53CB433-5C1C-475F-9E72-6B95ED36C5AA} = {13D76127-275C-4087-AD68-A06DD19D8240}
		{40BF26AD-3D95-4DF1-8F8D-E8240BA9EFBD} = {4143790E-45A8-4D22-ABC1-D111E8F9E2B8}
		{31DB8DD6-22B2-41C9-A248-08D58CFD0FAB} = {E3D6E84E-B038-4339-854F-A3F2BE048EC0}
		{AD96932E-E8D0-4F1E-9078-66E7F9BFA177} = {E3D6E84E-B038-4339-854F-A3F2BE048EC0}
		{04096010-D996-46E1-BF4C-40479F11DDEE} = {E3D6E84E-B038-4339-854F-A3F2BE048EC0}
		{E96684DC-95EB-4AB0-8764-9E5BFCC2A61B} = {E3D6E84E-B038-4339-854F-A3F2BE048EC0}
		{6D95BFF2-FC78-4931-82FE-EC37E0D4F455} = {E3D6E84E-B038-4339-854F-A3F2BE048EC0}
		{38B5D99E-40FC-4742-8AB9-0513B76BDC43} = {E3D6E84E-B038-4339-854F-A3F2BE048EC0}
		{2C0E950F-6214-4D78-9300-54112F7CA55D} = {36DF701C-02BA-486B-BCC3-1F94E71A09DF}
		{F5073FE0-1710-427F-9AFD-E16D72ECE39B} = {2C0E950F-6214-4D78-9300-54112F7CA55D}
		{8266007C-6CAA-4504-950B-EDB785A7477D} = {2C0E950F-6214-4D78-9300-54112F7CA55D}
		{9182D62E-E7B7-4D17-B59E-3CD8C2F992F2} = {2C0E950F-6214-4D78-9300-54112F7CA55D}
		{B9A3D9E6-BEC0-4A5F-AB40-266077F83D21} = {2C0E950F-6214-4D78-9300-54112F7CA55D}
		{2FD168F6-1555-44FE-87D7-7B7F6ECDF4C0} = {B0BDF487-E226-5F14-9BFA-5CD6DBC5B03A}
		{4BB25124-01AF-4493-AB80-479497A80950} = {B0BDF487-E226-5F14-9BFA-5CD6DBC5B03A}
		{870B64A9-62A5-4814-AECE-0F43FA4D4283} = {B0BDF487-E226-5F14-9BFA-5CD6DBC5B03A}
		{FCE253D0-4881-452B-9EDC-5BA25BC0A087} = {B0BDF487-E226-5F14-9BFA-5CD6DBC5B03A}
		{F5FB00D8-2B32-4C0F-921E-0B4FEB06FCD8} = {E3D6E84E-B038-4339-854F-A3F2BE048EC0}
		{5DDAF846-0F56-434D-ADB1-23590F00DAF8} = {B0BDF487-E226-5F14-9BFA-5CD6DBC5B03A}
		{B0BDF487-E226-5F14-9BFA-5CD6DBC5B03A} = {36DF701C-02BA-486B-BCC3-1F94E71A09DF}
	EndGlobalSection
	GlobalSection(ExtensibilityGlobals) = postSolution
		SolutionGuid = {18F9C98C-0AB3-4767-B4E3-1A1B455AE6B4}
	EndGlobalSection
EndGlobal
